
Microsoft Visual Studio Solution File, Format Version 12.00
# Visual Studio 15
Project("{2150E333-8FDC-42A3-9474-1A3956D46DE8}") = "Samples", "Samples", "{A2A2849A-0032-4AA8-BC0E-82C69D7DE354}"
EndProject
Project("{FAE04EC0-301F-11D3-BF4B-00C04F79EFBC}") = "CVKL", "vke\CVKL.csproj", "{9E12DFE6-7DC7-4BF2-8077-42DDC69FD0A1}"
EndProject
Project("{FAE04EC0-301F-11D3-BF4B-00C04F79EFBC}") = "SpirVTasks", "SpirVTasks\SpirVTasks.csproj", "{F72F73E4-86CC-4F56-B004-BCC4BF0AF30B}"
EndProject
Project("{FAE04EC0-301F-11D3-BF4B-00C04F79EFBC}") = "Triangle", "samples\Triangle\Triangle.csproj", "{3CFF99D3-8C0E-4B37-9146-9A7ED9D28CAA}"
EndProject
Project("{FAE04EC0-301F-11D3-BF4B-00C04F79EFBC}") = "deferred", "samples\deferred\deferred.csproj", "{BA44E304-0A97-4949-B672-0CD70AD21178}"
EndProject
Project("{FAE04EC0-301F-11D3-BF4B-00C04F79EFBC}") = "pbr", "samples\pbr\pbr.csproj", "{BA549E32-CC14-47B4-9E3E-6C86F9474A15}"
EndProject
Project("{FAE04EC0-301F-11D3-BF4B-00C04F79EFBC}") = "Textured", "samples\Textured\Textured.csproj", "{41484D20-BBC6-484D-BD2D-BDE384304347}"
EndProject
Project("{FAE04EC0-301F-11D3-BF4B-00C04F79EFBC}") = "TexturedCube", "samples\TexturedCube\TexturedCube.csproj", "{C7188E6F-DB14-4F01-81F4-52E3159D33CF}"
EndProject
Project("{FAE04EC0-301F-11D3-BF4B-00C04F79EFBC}") = "Model", "samples\Model\Model.csproj", "{019EDFD7-7700-4513-A1DF-74F882463E2A}"
EndProject
Project("{FAE04EC0-301F-11D3-BF4B-00C04F79EFBC}") = "compute", "samples\compute\compute.csproj", "{CB21E2C4-C56E-49AE-9423-FCE2E75DEA0A}"
EndProject
Project("{FAE04EC0-301F-11D3-BF4B-00C04F79EFBC}") = "vk.generator", "vk.generator\vk.generator.csproj", "{B105512C-9461-4802-B299-A6E7A29CDAEE}"
EndProject
Project("{FAE04EC0-301F-11D3-BF4B-00C04F79EFBC}") = "vk.rewrite", "vk.rewrite\vk.rewrite.csproj", "{5EC0F6C6-74C9-4509-8AC8-FAE3574AF5C7}"
EndProject
Project("{FAE04EC0-301F-11D3-BF4B-00C04F79EFBC}") = "vulkan", "VK\vulkan.csproj", "{37D01BE5-5FE2-4742-BD5B-5D2C25FCF146}"
EndProject
Project("{FAE04EC0-301F-11D3-BF4B-00C04F79EFBC}") = "datas", "samples\datas\datas.csproj", "{0819E729-64D0-4D96-B7A7-FFDE86639977}"
EndProject
Project("{9344BDBB-3E7F-41FC-A0DD-8665D75EE146}") = "hdr", "samples\hdr\hdr.csproj", "{32CB9C37-4037-4844-95A7-17BD9B49CDFA}"
EndProject
Project("{9344BDBB-3E7F-41FC-A0DD-8665D75EE146}") = "tests", "samples\tests\tests.csproj", "{9DFD3F42-DFC8-4AC7-8DF7-1A87F9596C1B}"
EndProject
Project("{9344BDBB-3E7F-41FC-A0DD-8665D75EE146}") = "vkvg_tests", "samples\vkvg_tests\vkvg_tests.csproj", "{06769B6B-8270-4A53-BF05-11C2124AC7BB}"
EndProject
Global
	GlobalSection(SolutionConfigurationPlatforms) = preSolution
		Debug|Any CPU = Debug|Any CPU
		Release|Any CPU = Release|Any CPU
		DebugCrow|Any CPU = DebugCrow|Any CPU
		BuildPackages|Any CPU = BuildPackages|Any CPU
	EndGlobalSection
	GlobalSection(ProjectConfigurationPlatforms) = postSolution
		{9E12DFE6-7DC7-4BF2-8077-42DDC69FD0A1}.Debug|Any CPU.ActiveCfg = Debug|Any CPU
		{9E12DFE6-7DC7-4BF2-8077-42DDC69FD0A1}.Debug|Any CPU.Build.0 = Debug|Any CPU
		{9E12DFE6-7DC7-4BF2-8077-42DDC69FD0A1}.Release|Any CPU.ActiveCfg = Release|Any CPU
		{9E12DFE6-7DC7-4BF2-8077-42DDC69FD0A1}.DebugCrow|Any CPU.ActiveCfg = Debug|Any CPU
		{9E12DFE6-7DC7-4BF2-8077-42DDC69FD0A1}.DebugCrow|Any CPU.Build.0 = Debug|Any CPU
		{9E12DFE6-7DC7-4BF2-8077-42DDC69FD0A1}.Release|Any CPU.Build.0 = Release|Any CPU
		{9E12DFE6-7DC7-4BF2-8077-42DDC69FD0A1}.BuildPackages|Any CPU.ActiveCfg = Release|Any CPU
		{9E12DFE6-7DC7-4BF2-8077-42DDC69FD0A1}.BuildPackages|Any CPU.Build.0 = Release|Any CPU
		{F72F73E4-86CC-4F56-B004-BCC4BF0AF30B}.Debug|Any CPU.ActiveCfg = Debug|Any CPU
		{F72F73E4-86CC-4F56-B004-BCC4BF0AF30B}.Release|Any CPU.ActiveCfg = Release|Any CPU
		{F72F73E4-86CC-4F56-B004-BCC4BF0AF30B}.DebugCrow|Any CPU.ActiveCfg = Debug|Any CPU
		{F72F73E4-86CC-4F56-B004-BCC4BF0AF30B}.BuildPackages|Any CPU.ActiveCfg = Release|Any CPU
		{F72F73E4-86CC-4F56-B004-BCC4BF0AF30B}.BuildPackages|Any CPU.Build.0 = Release|Any CPU
		{3CFF99D3-8C0E-4B37-9146-9A7ED9D28CAA}.Debug|Any CPU.ActiveCfg = Debug|Any CPU
		{3CFF99D3-8C0E-4B37-9146-9A7ED9D28CAA}.Debug|Any CPU.Build.0 = Debug|Any CPU
		{3CFF99D3-8C0E-4B37-9146-9A7ED9D28CAA}.Release|Any CPU.ActiveCfg = Release|Any CPU
		{3CFF99D3-8C0E-4B37-9146-9A7ED9D28CAA}.Release|Any CPU.Build.0 = Release|Any CPU
		{3CFF99D3-8C0E-4B37-9146-9A7ED9D28CAA}.DebugCrow|Any CPU.ActiveCfg = Debug|Any CPU
		{3CFF99D3-8C0E-4B37-9146-9A7ED9D28CAA}.BuildPackages|Any CPU.ActiveCfg = Debug|Any CPU
		{BA44E304-0A97-4949-B672-0CD70AD21178}.Debug|Any CPU.ActiveCfg = Debug|Any CPU
		{BA44E304-0A97-4949-B672-0CD70AD21178}.Debug|Any CPU.Build.0 = Debug|Any CPU
		{BA44E304-0A97-4949-B672-0CD70AD21178}.Release|Any CPU.ActiveCfg = Release|Any CPU
		{BA44E304-0A97-4949-B672-0CD70AD21178}.Release|Any CPU.Build.0 = Release|Any CPU
		{BA44E304-0A97-4949-B672-0CD70AD21178}.DebugCrow|Any CPU.ActiveCfg = DebugCrow|Any CPU
		{BA44E304-0A97-4949-B672-0CD70AD21178}.DebugCrow|Any CPU.Build.0 = DebugCrow|Any CPU
		{BA44E304-0A97-4949-B672-0CD70AD21178}.BuildPackages|Any CPU.ActiveCfg = Debug|Any CPU
		{BA549E32-CC14-47B4-9E3E-6C86F9474A15}.Debug|Any CPU.ActiveCfg = Debug|Any CPU
		{BA549E32-CC14-47B4-9E3E-6C86F9474A15}.Debug|Any CPU.Build.0 = Debug|Any CPU
		{BA549E32-CC14-47B4-9E3E-6C86F9474A15}.Release|Any CPU.ActiveCfg = Release|Any CPU
		{BA549E32-CC14-47B4-9E3E-6C86F9474A15}.Release|Any CPU.Build.0 = Release|Any CPU
		{BA549E32-CC14-47B4-9E3E-6C86F9474A15}.DebugCrow|Any CPU.ActiveCfg = Debug|Any CPU
		{BA549E32-CC14-47B4-9E3E-6C86F9474A15}.BuildPackages|Any CPU.ActiveCfg = Debug|Any CPU
		{41484D20-BBC6-484D-BD2D-BDE384304347}.Debug|Any CPU.ActiveCfg = Debug|Any CPU
		{41484D20-BBC6-484D-BD2D-BDE384304347}.Debug|Any CPU.Build.0 = Debug|Any CPU
		{41484D20-BBC6-484D-BD2D-BDE384304347}.Release|Any CPU.ActiveCfg = Release|Any CPU
		{41484D20-BBC6-484D-BD2D-BDE384304347}.Release|Any CPU.Build.0 = Release|Any CPU
		{41484D20-BBC6-484D-BD2D-BDE384304347}.DebugCrow|Any CPU.ActiveCfg = Debug|Any CPU
		{41484D20-BBC6-484D-BD2D-BDE384304347}.BuildPackages|Any CPU.ActiveCfg = Debug|Any CPU
		{C7188E6F-DB14-4F01-81F4-52E3159D33CF}.Debug|Any CPU.ActiveCfg = Debug|Any CPU
		{C7188E6F-DB14-4F01-81F4-52E3159D33CF}.Debug|Any CPU.Build.0 = Debug|Any CPU
		{C7188E6F-DB14-4F01-81F4-52E3159D33CF}.Release|Any CPU.ActiveCfg = Release|Any CPU
		{C7188E6F-DB14-4F01-81F4-52E3159D33CF}.Release|Any CPU.Build.0 = Release|Any CPU
		{C7188E6F-DB14-4F01-81F4-52E3159D33CF}.DebugCrow|Any CPU.ActiveCfg = Debug|Any CPU
		{C7188E6F-DB14-4F01-81F4-52E3159D33CF}.BuildPackages|Any CPU.ActiveCfg = Debug|Any CPU
		{019EDFD7-7700-4513-A1DF-74F882463E2A}.Debug|Any CPU.ActiveCfg = Debug|Any CPU
		{019EDFD7-7700-4513-A1DF-74F882463E2A}.Debug|Any CPU.Build.0 = Debug|Any CPU
		{019EDFD7-7700-4513-A1DF-74F882463E2A}.Release|Any CPU.ActiveCfg = Release|Any CPU
		{019EDFD7-7700-4513-A1DF-74F882463E2A}.Release|Any CPU.Build.0 = Release|Any CPU
		{019EDFD7-7700-4513-A1DF-74F882463E2A}.DebugCrow|Any CPU.ActiveCfg = Debug|Any CPU
		{019EDFD7-7700-4513-A1DF-74F882463E2A}.BuildPackages|Any CPU.ActiveCfg = Debug|Any CPU
		{CB21E2C4-C56E-49AE-9423-FCE2E75DEA0A}.Debug|Any CPU.ActiveCfg = Debug|Any CPU
		{CB21E2C4-C56E-49AE-9423-FCE2E75DEA0A}.Debug|Any CPU.Build.0 = Debug|Any CPU
		{CB21E2C4-C56E-49AE-9423-FCE2E75DEA0A}.Release|Any CPU.ActiveCfg = Release|Any CPU
		{CB21E2C4-C56E-49AE-9423-FCE2E75DEA0A}.Release|Any CPU.Build.0 = Release|Any CPU
		{CB21E2C4-C56E-49AE-9423-FCE2E75DEA0A}.DebugCrow|Any CPU.ActiveCfg = Debug|Any CPU
		{CB21E2C4-C56E-49AE-9423-FCE2E75DEA0A}.BuildPackages|Any CPU.ActiveCfg = Debug|Any CPU
		{B105512C-9461-4802-B299-A6E7A29CDAEE}.Debug|Any CPU.ActiveCfg = Debug|Any CPU
		{B105512C-9461-4802-B299-A6E7A29CDAEE}.Debug|Any CPU.Build.0 = Debug|Any CPU
		{B105512C-9461-4802-B299-A6E7A29CDAEE}.Release|Any CPU.ActiveCfg = Release|Any CPU
		{B105512C-9461-4802-B299-A6E7A29CDAEE}.DebugCrow|Any CPU.ActiveCfg = Debug|Any CPU
		{B105512C-9461-4802-B299-A6E7A29CDAEE}.BuildPackages|Any CPU.ActiveCfg = Release|Any CPU
		{B105512C-9461-4802-B299-A6E7A29CDAEE}.BuildPackages|Any CPU.Build.0 = Release|Any CPU
		{5EC0F6C6-74C9-4509-8AC8-FAE3574AF5C7}.Debug|Any CPU.ActiveCfg = Debug|Any CPU
		{5EC0F6C6-74C9-4509-8AC8-FAE3574AF5C7}.Debug|Any CPU.Build.0 = Debug|Any CPU
		{5EC0F6C6-74C9-4509-8AC8-FAE3574AF5C7}.Release|Any CPU.ActiveCfg = Release|Any CPU
		{5EC0F6C6-74C9-4509-8AC8-FAE3574AF5C7}.DebugCrow|Any CPU.ActiveCfg = Debug|Any CPU
		{5EC0F6C6-74C9-4509-8AC8-FAE3574AF5C7}.BuildPackages|Any CPU.ActiveCfg = Release|Any CPU
		{5EC0F6C6-74C9-4509-8AC8-FAE3574AF5C7}.BuildPackages|Any CPU.Build.0 = Release|Any CPU
		{37D01BE5-5FE2-4742-BD5B-5D2C25FCF146}.Debug|Any CPU.ActiveCfg = Debug|Any CPU
		{37D01BE5-5FE2-4742-BD5B-5D2C25FCF146}.Debug|Any CPU.Build.0 = Debug|Any CPU
		{37D01BE5-5FE2-4742-BD5B-5D2C25FCF146}.Release|Any CPU.ActiveCfg = Release|Any CPU
		{37D01BE5-5FE2-4742-BD5B-5D2C25FCF146}.DebugCrow|Any CPU.ActiveCfg = Debug|Any CPU
		{37D01BE5-5FE2-4742-BD5B-5D2C25FCF146}.BuildPackages|Any CPU.ActiveCfg = Release|Any CPU
		{37D01BE5-5FE2-4742-BD5B-5D2C25FCF146}.BuildPackages|Any CPU.Build.0 = Release|Any CPU
		{0819E729-64D0-4D96-B7A7-FFDE86639977}.Debug|Any CPU.ActiveCfg = Debug|Any CPU
		{0819E729-64D0-4D96-B7A7-FFDE86639977}.Debug|Any CPU.Build.0 = Debug|Any CPU
		{0819E729-64D0-4D96-B7A7-FFDE86639977}.Release|Any CPU.ActiveCfg = Release|Any CPU
		{0819E729-64D0-4D96-B7A7-FFDE86639977}.Release|Any CPU.Build.0 = Release|Any CPU
		{32CB9C37-4037-4844-95A7-17BD9B49CDFA}.Debug|Any CPU.ActiveCfg = Debug|Any CPU
		{32CB9C37-4037-4844-95A7-17BD9B49CDFA}.Debug|Any CPU.Build.0 = Debug|Any CPU
		{32CB9C37-4037-4844-95A7-17BD9B49CDFA}.Release|Any CPU.ActiveCfg = Release|Any CPU
		{32CB9C37-4037-4844-95A7-17BD9B49CDFA}.Release|Any CPU.Build.0 = Release|Any CPU
		{32CB9C37-4037-4844-95A7-17BD9B49CDFA}.DebugCrow|Any CPU.ActiveCfg = Debug|Any CPU
		{32CB9C37-4037-4844-95A7-17BD9B49CDFA}.BuildPackages|Any CPU.ActiveCfg = Debug|Any CPU
		{9DFD3F42-DFC8-4AC7-8DF7-1A87F9596C1B}.Debug|Any CPU.ActiveCfg = Debug|Any CPU
		{9DFD3F42-DFC8-4AC7-8DF7-1A87F9596C1B}.Debug|Any CPU.Build.0 = Debug|Any CPU
		{9DFD3F42-DFC8-4AC7-8DF7-1A87F9596C1B}.Release|Any CPU.ActiveCfg = Release|Any CPU
		{9DFD3F42-DFC8-4AC7-8DF7-1A87F9596C1B}.Release|Any CPU.Build.0 = Release|Any CPU
		{9DFD3F42-DFC8-4AC7-8DF7-1A87F9596C1B}.DebugCrow|Any CPU.ActiveCfg = Debug|Any CPU
		{9DFD3F42-DFC8-4AC7-8DF7-1A87F9596C1B}.BuildPackages|Any CPU.ActiveCfg = Debug|Any CPU
		{06769B6B-8270-4A53-BF05-11C2124AC7BB}.Debug|Any CPU.ActiveCfg = Debug|Any CPU
		{06769B6B-8270-4A53-BF05-11C2124AC7BB}.Release|Any CPU.ActiveCfg = Release|Any CPU
		{06769B6B-8270-4A53-BF05-11C2124AC7BB}.DebugCrow|Any CPU.ActiveCfg = Debug|Any CPU
		{06769B6B-8270-4A53-BF05-11C2124AC7BB}.BuildPackages|Any CPU.ActiveCfg = Debug|Any CPU
	EndGlobalSection
	GlobalSection(NestedProjects) = preSolution
		{3CFF99D3-8C0E-4B37-9146-9A7ED9D28CAA} = {A2A2849A-0032-4AA8-BC0E-82C69D7DE354}
		{BA44E304-0A97-4949-B672-0CD70AD21178} = {A2A2849A-0032-4AA8-BC0E-82C69D7DE354}
		{BA549E32-CC14-47B4-9E3E-6C86F9474A15} = {A2A2849A-0032-4AA8-BC0E-82C69D7DE354}
		{41484D20-BBC6-484D-BD2D-BDE384304347} = {A2A2849A-0032-4AA8-BC0E-82C69D7DE354}
		{C7188E6F-DB14-4F01-81F4-52E3159D33CF} = {A2A2849A-0032-4AA8-BC0E-82C69D7DE354}
		{019EDFD7-7700-4513-A1DF-74F882463E2A} = {A2A2849A-0032-4AA8-BC0E-82C69D7DE354}
		{CB21E2C4-C56E-49AE-9423-FCE2E75DEA0A} = {A2A2849A-0032-4AA8-BC0E-82C69D7DE354}
		{0819E729-64D0-4D96-B7A7-FFDE86639977} = {A2A2849A-0032-4AA8-BC0E-82C69D7DE354}
		{32CB9C37-4037-4844-95A7-17BD9B49CDFA} = {A2A2849A-0032-4AA8-BC0E-82C69D7DE354}
		{9DFD3F42-DFC8-4AC7-8DF7-1A87F9596C1B} = {A2A2849A-0032-4AA8-BC0E-82C69D7DE354}
		{06769B6B-8270-4A53-BF05-11C2124AC7BB} = {A2A2849A-0032-4AA8-BC0E-82C69D7DE354}
	EndGlobalSection
	GlobalSection(MonoDevelopProperties) = preSolution
		Policies = $0
		$0.TextStylePolicy = $1
		$1.FileWidth = 80
		$1.NoTabsAfterNonTabs = True
		$1.EolMarker = Unix
		$1.scope = text/x-csharp
		$0.CSharpFormattingPolicy = $2
		$2.LabelPositioning = LeftMost
		$2.NewLinesForBracesInTypes = False
		$2.NewLinesForBracesInMethods = False
		$2.NewLinesForBracesInProperties = False
		$2.NewLinesForBracesInAccessors = False
		$2.NewLinesForBracesInControlBlocks = False
		$2.NewLinesForBracesInObjectCollectionArrayInitializers = False
		$2.NewLineForElse = False
		$2.NewLineForCatch = False
		$2.NewLineForFinally = False
		$2.SpacingAfterMethodDeclarationName = True
		$2.SpaceAfterMethodCallName = True
		$2.scope = text/x-csharp
		$0.DotNetNamingPolicy = $3
		$3.DirectoryNamespaceAssociation = PrefixedHierarchical
		$0.TextStylePolicy = $4
		$4.FileWidth = 80
		$4.TabsToSpaces = True
		$4.scope = text/plain
		$0.TextStylePolicy = $5
		$5.inheritsSet = null
		$5.scope = application/config+xml
		$0.XmlFormattingPolicy = $6
		$6.inheritsSet = null
		$6.scope = application/config+xml
		$0.StandardHeader = $7
		$7.Text = @Copyright (c) ${Year}  ${AuthorName} <${AuthorEmail}>\n\nThis code is licensed under the MIT license (MIT) (http://opensource.org/licenses/MIT)
	EndGlobalSection
EndGlobal
