
Microsoft Visual Studio Solution File, Format Version 12.00
# Visual Studio 15
Project("{FAE04EC0-301F-11D3-BF4B-00C04F79EFBC}") = "vk.generator", "vk.generator\vk.generator.csproj", "{B105512C-9461-4802-B299-A6E7A29CDAEE}"
EndProject
Project("{FAE04EC0-301F-11D3-BF4B-00C04F79EFBC}") = "vk.rewrite", "vk.rewrite\vk.rewrite.csproj", "{5EC0F6C6-74C9-4509-8AC8-FAE3574AF5C7}"
EndProject
Project("{FAE04EC0-301F-11D3-BF4B-00C04F79EFBC}") = "vulkan", "VK\vulkan.csproj", "{37D01BE5-5FE2-4742-BD5B-5D2C25FCF146}"
EndProject
Global
	GlobalSection(SolutionConfigurationPlatforms) = preSolution
		Debug|Any CPU = Debug|Any CPU
		Release|Any CPU = Release|Any CPU
		DebugCrow|Any CPU = DebugCrow|Any CPU
		BuildPackages|Any CPU = BuildPackages|Any CPU
	EndGlobalSection
	GlobalSection(ProjectConfigurationPlatforms) = postSolution
		{B105512C-9461-4802-B299-A6E7A29CDAEE}.Debug|Any CPU.ActiveCfg = Debug|Any CPU
		{B105512C-9461-4802-B299-A6E7A29CDAEE}.Debug|Any CPU.Build.0 = Debug|Any CPU
		{B105512C-9461-4802-B299-A6E7A29CDAEE}.Release|Any CPU.ActiveCfg = Release|Any CPU
		{B105512C-9461-4802-B299-A6E7A29CDAEE}.Release|Any CPU.Build.0 = Release|Any CPU
		{5EC0F6C6-74C9-4509-8AC8-FAE3574AF5C7}.Debug|Any CPU.ActiveCfg = Debug|Any CPU
		{5EC0F6C6-74C9-4509-8AC8-FAE3574AF5C7}.Debug|Any CPU.Build.0 = Debug|Any CPU
		{5EC0F6C6-74C9-4509-8AC8-FAE3574AF5C7}.Release|Any CPU.ActiveCfg = Release|Any CPU
		{5EC0F6C6-74C9-4509-8AC8-FAE3574AF5C7}.Release|Any CPU.Build.0 = Release|Any CPU
		{37D01BE5-5FE2-4742-BD5B-5D2C25FCF146}.Debug|Any CPU.ActiveCfg = Debug|Any CPU
		{37D01BE5-5FE2-4742-BD5B-5D2C25FCF146}.Debug|Any CPU.Build.0 = Debug|Any CPU
		{37D01BE5-5FE2-4742-BD5B-5D2C25FCF146}.Release|Any CPU.ActiveCfg = Release|Any CPU
		{37D01BE5-5FE2-4742-BD5B-5D2C25FCF146}.Release|Any CPU.Build.0 = Release|Any CPU
	EndGlobalSection
	GlobalSection(NestedProjects) = preSolution
	EndGlobalSection
	GlobalSection(MonoDevelopProperties) = preSolution
		Policies = $0
		$0.TextStylePolicy = $1
		$1.FileWidth = 80
		$1.scope = text/x-csharp
		$1.TabsToSpaces = True
		$0.CSharpFormattingPolicy = $2
		$2.scope = text/x-csharp
		$0.DotNetNamingPolicy = $3
		$3.DirectoryNamespaceAssociation = PrefixedHierarchical
		$0.TextStylePolicy = $4
		$4.FileWidth = 80
		$4.scope = text/plain
		$4.TabsToSpaces = True
		$0.TextStylePolicy = $5
		$5.inheritsSet = null
		$5.scope = application/config+xml
		$0.XmlFormattingPolicy = $6
		$6.inheritsSet = null
		$6.scope = application/config+xml
		$0.StandardHeader = $7
		$7.Text = @Copyright (c) ${Year}  ${AuthorName} <${AuthorEmail}>\n\nThis code is licensed under the MIT license (MIT) (http://opensource.org/licenses/MIT)
		$0.TextStylePolicy = $8
		$8.inheritsSet = null
		$8.scope = application/x-msbuild
		$0.XmlFormattingPolicy = $9
		$9.inheritsSet = null
		$9.scope = application/x-msbuild
		$0.TextStylePolicy = $10
		$10.FileWidth = 80
		$10.TabsToSpaces = True
		$10.scope = application/xml
		$0.XmlFormattingPolicy = $11
		$11.scope = application/xml
	EndGlobalSection
EndGlobal
