
Microsoft Visual Studio Solution File, Format Version 12.00
# Visual Studio 15
Project("{FAE04EC0-301F-11D3-BF4B-00C04F79EFBC}") = "VKE", "vke\VKE.csproj", "{32B7E80D-BEA7-4811-B82D-CC2533069F0A}"
EndProject
Project("{FAE04EC0-301F-11D3-BF4B-00C04F79EFBC}") = "vk.net", "vk.net\vk.net.csproj", "{7B9878B1-9A69-4577-AC32-2A7A5568C1E8}"
EndProject
Project("{FAE04EC0-301F-11D3-BF4B-00C04F79EFBC}") = "vk.rewrite", "vk.rewrite\vk.rewrite.csproj", "{F41EA96F-A9F7-4E85-B2EE-5757C5FAD00D}"
EndProject
Project("{FAE04EC0-301F-11D3-BF4B-00C04F79EFBC}") = "Triangle", "samples\Triangle\Triangle.csproj", "{96A2E0B9-91AE-4EB9-A435-185D01E24067}"
EndProject
Project("{FAE04EC0-301F-11D3-BF4B-00C04F79EFBC}") = "Model", "samples\Model\Model.csproj", "{1F05E74F-AEE8-481C-8FDF-89D81CBB30BE}"
EndProject
Project("{2150E333-8FDC-42A3-9474-1A3956D46DE8}") = "Samples", "Samples", "{A2A2849A-0032-4AA8-BC0E-82C69D7DE354}"
EndProject
Project("{FAE04EC0-301F-11D3-BF4B-00C04F79EFBC}") = "vk.gen", "vk.gen\vk.gen.csproj", "{4A6E2B31-480F-4D1A-9F20-460AEF033441}"
EndProject
Project("{FAE04EC0-301F-11D3-BF4B-00C04F79EFBC}") = "Textured", "samples\Textured\Textured.csproj", "{96A2E0B8-91AE-4EB9-A435-185D01E24067}"
EndProject
Project("{FAE04EC0-301F-11D3-BF4B-00C04F79EFBC}") = "pbr", "samples\Pbr\pbr.csproj", "{1F18E74F-AEE8-481C-8FDF-89D81CBB30BE}"
EndProject
Project("{FAE04EC0-301F-11D3-BF4B-00C04F79EFBC}") = "TexturedCube", "samples\TexturedCube\TexturedCube.csproj", "{96A2A7896-91AE-4EB9-A435-185D01E24067}"
EndProject
Project("{FAE04EC0-301F-11D3-BF4B-00C04F79EFBC}") = "vkvg_overlay", "samples\vkvg_overlay\vkvg_overlay.csproj", "{1F05E74F-AEE8-481C-8FDF-89D81CCC30BE}"
EndProject
Global
	GlobalSection(SolutionConfigurationPlatforms) = preSolution
		Debug|Any CPU = Debug|Any CPU
		Release|Any CPU = Release|Any CPU
	EndGlobalSection
	GlobalSection(ProjectConfigurationPlatforms) = postSolution
		{32B7E80D-BEA7-4811-B82D-CC2533069F0A}.Debug|Any CPU.ActiveCfg = Debug|Any CPU
		{32B7E80D-BEA7-4811-B82D-CC2533069F0A}.Debug|Any CPU.Build.0 = Debug|Any CPU
		{32B7E80D-BEA7-4811-B82D-CC2533069F0A}.Release|Any CPU.ActiveCfg = Release|Any CPU
		{32B7E80D-BEA7-4811-B82D-CC2533069F0A}.Release|Any CPU.Build.0 = Release|Any CPU
		{7B9878B1-9A69-4577-AC32-2A7A5568C1E8}.Debug|Any CPU.ActiveCfg = Debug|Any CPU
		{7B9878B1-9A69-4577-AC32-2A7A5568C1E8}.Debug|Any CPU.Build.0 = Debug|Any CPU
		{7B9878B1-9A69-4577-AC32-2A7A5568C1E8}.Release|Any CPU.ActiveCfg = Release|Any CPU
		{7B9878B1-9A69-4577-AC32-2A7A5568C1E8}.Release|Any CPU.Build.0 = Release|Any CPU
		{F41EA96F-A9F7-4E85-B2EE-5757C5FAD00D}.Debug|Any CPU.ActiveCfg = Debug|Any CPU
		{F41EA96F-A9F7-4E85-B2EE-5757C5FAD00D}.Debug|Any CPU.Build.0 = Debug|Any CPU
		{F41EA96F-A9F7-4E85-B2EE-5757C5FAD00D}.Release|Any CPU.ActiveCfg = Release|Any CPU
		{F41EA96F-A9F7-4E85-B2EE-5757C5FAD00D}.Release|Any CPU.Build.0 = Release|Any CPU
		{96A2E0B9-91AE-4EB9-A435-185D01E24067}.Debug|Any CPU.ActiveCfg = Debug|Any CPU
		{96A2E0B9-91AE-4EB9-A435-185D01E24067}.Release|Any CPU.ActiveCfg = Release|Any CPU
		{96A2E0B9-91AE-4EB9-A435-185D01E24067}.Release|Any CPU.Build.0 = Release|Any CPU
		{96A2E0B9-91AE-4EB9-A435-185D01E24067}.Debug|Any CPU.Build.0 = Debug|Any CPU
		{1F05E74F-AEE8-481C-8FDF-89D81CBB30BE}.Debug|Any CPU.ActiveCfg = Debug|Any CPU
		{1F05E74F-AEE8-481C-8FDF-89D81CBB30BE}.Debug|Any CPU.Build.0 = Debug|Any CPU
		{1F05E74F-AEE8-481C-8FDF-89D81CBB30BE}.Release|Any CPU.ActiveCfg = Release|Any CPU
		{1F05E74F-AEE8-481C-8FDF-89D81CBB30BE}.Release|Any CPU.Build.0 = Release|Any CPU
		{4A6E2B31-480F-4D1A-9F20-460AEF033441}.Debug|Any CPU.ActiveCfg = Debug|Any CPU
		{4A6E2B31-480F-4D1A-9F20-460AEF033441}.Release|Any CPU.ActiveCfg = Release|Any CPU
		{4A6E2B31-480F-4D1A-9F20-460AEF033441}.Release|Any CPU.Build.0 = Release|Any CPU
		{96A2E0B8-91AE-4EB9-A435-185D01E24067}.Debug|Any CPU.ActiveCfg = Debug|Any CPU
		{96A2E0B8-91AE-4EB9-A435-185D01E24067}.Debug|Any CPU.Build.0 = Debug|Any CPU
		{96A2E0B8-91AE-4EB9-A435-185D01E24067}.Release|Any CPU.ActiveCfg = Release|Any CPU
		{96A2E0B8-91AE-4EB9-A435-185D01E24067}.Release|Any CPU.Build.0 = Release|Any CPU
		{1F18E74F-AEE8-481C-8FDF-89D81CBB30BE}.Debug|Any CPU.ActiveCfg = Debug|Any CPU
		{1F18E74F-AEE8-481C-8FDF-89D81CBB30BE}.Debug|Any CPU.Build.0 = Debug|Any CPU
		{1F18E74F-AEE8-481C-8FDF-89D81CBB30BE}.Release|Any CPU.ActiveCfg = Release|Any CPU
		{1F18E74F-AEE8-481C-8FDF-89D81CBB30BE}.Release|Any CPU.Build.0 = Release|Any CPU
		{96A2A7896-91AE-4EB9-A435-185D01E24067}.Debug|Any CPU.ActiveCfg = Debug|Any CPU
		{96A2A7896-91AE-4EB9-A435-185D01E24067}.Debug|Any CPU.Build.0 = Debug|Any CPU
		{96A2A7896-91AE-4EB9-A435-185D01E24067}.Release|Any CPU.ActiveCfg = Release|Any CPU
		{96A2A7896-91AE-4EB9-A435-185D01E24067}.Release|Any CPU.Build.0 = Release|Any CPU
		{1F05E74F-AEE8-481C-8FDF-89D81CCC30BE}.Debug|Any CPU.ActiveCfg = Debug|Any CPU
		{1F05E74F-AEE8-481C-8FDF-89D81CCC30BE}.Debug|Any CPU.Build.0 = Debug|Any CPU
		{1F05E74F-AEE8-481C-8FDF-89D81CCC30BE}.Release|Any CPU.ActiveCfg = Release|Any CPU
		{1F05E74F-AEE8-481C-8FDF-89D81CCC30BE}.Release|Any CPU.Build.0 = Release|Any CPU
	EndGlobalSection
	GlobalSection(NestedProjects) = preSolution
		{1F05E74F-AEE8-481C-8FDF-89D81CBB30BE} = {A2A2849A-0032-4AA8-BC0E-82C69D7DE354}
		{96A2E0B9-91AE-4EB9-A435-185D01E24067} = {A2A2849A-0032-4AA8-BC0E-82C69D7DE354}
		{96A2E0B8-91AE-4EB9-A435-185D01E24067} = {A2A2849A-0032-4AA8-BC0E-82C69D7DE354}
		{1F18E74F-AEE8-481C-8FDF-89D81CBB30BE} = {A2A2849A-0032-4AA8-BC0E-82C69D7DE354}
		{96A2A7896-91AE-4EB9-A435-185D01E24067} = {A2A2849A-0032-4AA8-BC0E-82C69D7DE354}
		{1F05E74F-AEE8-481C-8FDF-89D81CCC30BE} = {A2A2849A-0032-4AA8-BC0E-82C69D7DE354}
	EndGlobalSection
	GlobalSection(MonoDevelopProperties) = preSolution
		Policies = $0
		$0.TextStylePolicy = $1
		$1.FileWidth = 80
		$1.NoTabsAfterNonTabs = True
		$1.EolMarker = Unix
		$1.scope = text/x-csharp
		$0.CSharpFormattingPolicy = $2
		$2.LabelPositioning = LeftMost
		$2.NewLinesForBracesInTypes = False
		$2.NewLinesForBracesInMethods = False
		$2.NewLinesForBracesInProperties = False
		$2.NewLinesForBracesInAccessors = False
		$2.NewLinesForBracesInControlBlocks = False
		$2.NewLinesForBracesInObjectCollectionArrayInitializers = False
		$2.NewLineForElse = False
		$2.NewLineForCatch = False
		$2.NewLineForFinally = False
		$2.SpacingAfterMethodDeclarationName = True
		$2.SpaceAfterMethodCallName = True
		$2.scope = text/x-csharp
	EndGlobalSection
EndGlobal
